lockfileVersion: '6.0'

settings:
  autoInstallPeers: true
  excludeLinksFromLockfile: false

importers:

  .:
    devDependencies:
      '@types/node':
        specifier: 25.5.2
        version: 25.5.2
      typescript:
        specifier: 5.3.3
        version: 5.3.3

  packages/aeos:
    devDependencies:
      '@aeon/aes':
        specifier: workspace:*
        version: link:../aes
      '@aeon/lexer':
        specifier: workspace:*
        version: link:../lexer

  packages/aes:
    dependencies:
      '@aeon/lexer':
        specifier: workspace:*
        version: link:../lexer
      '@aeon/parser':
        specifier: workspace:*
        version: link:../parser

  packages/annotation-stream:
    dependencies:
      '@aeon/aes':
        specifier: workspace:*
        version: link:../aes
      '@aeon/lexer':
        specifier: workspace:*
        version: link:../lexer

  packages/canonical:
    dependencies:
      '@aeon/lexer':
        specifier: workspace:*
        version: link:../lexer
      '@aeon/parser':
        specifier: workspace:*
        version: link:../parser

  packages/cli:
    dependencies:
      '@aeon/aes':
        specifier: workspace:*
        version: link:../aes
      '@aeon/canonical':
        specifier: workspace:*
        version: link:../canonical
      '@aeon/core':
        specifier: workspace:*
        version: link:../core
      '@aeon/finalize':
        specifier: workspace:*
        version: link:../finalize
      '@aeon/integrity':
        specifier: workspace:*
        version: link:../integrity
      '@aeon/lexer':
        specifier: workspace:*
        version: link:../lexer
      '@aeon/parser':
        specifier: workspace:*
        version: link:../parser
      '@aeon/profiles':
        specifier: workspace:*
        version: link:../profiles
      '@aeon/tonic':
        specifier: workspace:*
        version: link:../tonic
      '@aeos/core':
        specifier: workspace:*
        version: link:../aeos

  packages/core:
    dependencies:
      '@aeon/aes':
        specifier: workspace:*
        version: link:../aes
      '@aeon/annotation-stream':
        specifier: workspace:*
        version: link:../annotation-stream
      '@aeon/lexer':
        specifier: workspace:*
        version: link:../lexer
      '@aeon/parser':
        specifier: workspace:*
        version: link:../parser

  packages/finalize:
    dependencies:
      '@aeon/aes':
        specifier: workspace:*
        version: link:../aes
    devDependencies:
      '@aeon/lexer':
        specifier: workspace:*
        version: link:../lexer
      '@aeon/parser':
        specifier: workspace:*
        version: link:../parser

  packages/integrity:
    dependencies:
      '@aeon/aes':
        specifier: workspace:*
        version: link:../aes
    devDependencies:
      '@aeon/lexer':
        specifier: workspace:*
        version: link:../lexer
      '@aeon/parser':
        specifier: workspace:*
        version: link:../parser

  packages/lexer: {}

  packages/parser:
    dependencies:
      '@aeon/lexer':
        specifier: workspace:*
        version: link:../lexer

  packages/profiles:
    dependencies:
      '@aeon/aes':
        specifier: workspace:*
        version: link:../aes
      '@aeon/core':
        specifier: workspace:*
        version: link:../core
      '@aeon/lexer':
        specifier: workspace:*
        version: link:../lexer

  packages/runtime:
    dependencies:
      '@aeon/aes':
        specifier: workspace:*
        version: link:../aes
      '@aeon/core':
        specifier: workspace:*
        version: link:../core
      '@aeon/finalize':
        specifier: workspace:*
        version: link:../finalize
      '@aeon/profiles':
        specifier: workspace:*
        version: link:../profiles
      '@aeon/tonic':
        specifier: workspace:*
        version: link:../tonic
      '@aeos/core':
        specifier: workspace:*
        version: link:../aeos

  packages/sdk:
    dependencies:
      '@aeon/canonical':
        specifier: workspace:*
        version: link:../canonical
      '@aeon/core':
        specifier: workspace:*
        version: link:../core
      '@aeon/finalize':
        specifier: workspace:*
        version: link:../finalize

  packages/sdk-internal:
    dependencies:
      '@aeon/sdk':
        specifier: workspace:*
        version: link:../sdk

  packages/tonic:
    dependencies:
      '@aeon/aes':
        specifier: workspace:*
        version: link:../aes
      '@aeon/annotation-stream':
        specifier: workspace:*
        version: link:../annotation-stream

  packages/transport: {}

  packages/typegen:
    dependencies:
      '@aeos/core':
        specifier: workspace:*
        version: link:../aeos

  tools/aeon-lsp:
    dependencies:
      '@aeon/core':
        specifier: workspace:*
        version: link:../../packages/core
      '@aeon/finalize':
        specifier: workspace:*
        version: link:../../packages/finalize
      '@aeon/lexer':
        specifier: workspace:*
        version: link:../../packages/lexer
      '@aeon/parser':
        specifier: workspace:*
        version: link:../../packages/parser
      '@aeon/profiles':
        specifier: workspace:*
        version: link:../../packages/profiles
      '@aeos/core':
        specifier: workspace:*
        version: link:../../packages/aeos
      vscode-languageserver:
        specifier: ^9.0.1
        version: 9.0.1
      vscode-languageserver-textdocument:
        specifier: ^1.0.12
        version: 1.0.12
    devDependencies:
      '@types/node':
        specifier: ^25.5.2
        version: 25.5.2

  tools/annotation-cts-runner:
    devDependencies:
      '@types/node':
        specifier: ^25.5.2
        version: 25.5.2

  tools/cts-author:
    devDependencies:
      '@types/node':
        specifier: ^25.5.2
        version: 25.5.2

  tools/cts-runner:
    devDependencies:
      '@types/node':
        specifier: ^25.5.2
        version: 25.5.2

  tools/phase-fuzz:
    dependencies:
      '@aeon/lexer':
        specifier: workspace:*
        version: link:../../packages/lexer
      '@aeon/parser':
        specifier: workspace:*
        version: link:../../packages/parser
    devDependencies:
      '@types/node':
        specifier: ^25.5.2
        version: 25.5.2

packages:

  /@types/node@25.5.2:
    resolution: {integrity: sha512-tO4ZIRKNC+MDWV4qKVZe3Ql/woTnmHDr5JD8UI5hn2pwBrHEwOEMZK7WlNb5RKB6EoJ02gwmQS9OrjuFnZYdpg==}
    dependencies:
      undici-types: 7.18.2
    dev: true

  /typescript@5.3.3:
    resolution: {integrity: sha512-pXWcraxM0uxAS+tN0AG/BF2TyqmHO014Z070UsJ+pFvYuRSq8KH8DmWpnbXe0pEPDHXZV3FcAbJkijJ5oNEnWw==}
    engines: {node: '>=14.17'}
    hasBin: true
    dev: true

  /undici-types@7.18.2:
    resolution: {integrity: sha512-AsuCzffGHJybSaRrmr5eHr81mwJU3kjw6M+uprWvCXiNeN9SOGwQ3Jn8jb8m3Z6izVgknn1R0FTCEAP2QrLY/w==}
    dev: true

  /vscode-jsonrpc@8.2.0:
    resolution: {integrity: sha512-C+r0eKJUIfiDIfwJhria30+TYWPtuHJXHtI7J0YlOmKAo7ogxP20T0zxB7HZQIFhIyvoBPwWskjxrvAtfjyZfA==}
    engines: {node: '>=14.0.0'}
    dev: false

  /vscode-languageserver-protocol@3.17.5:
    resolution: {integrity: sha512-mb1bvRJN8SVznADSGWM9u/b07H7Ecg0I3OgXDuLdn307rl/J3A9YD6/eYOssqhecL27hK1IPZAsaqh00i/Jljg==}
    dependencies:
      vscode-jsonrpc: 8.2.0
      vscode-languageserver-types: 3.17.5
    dev: false

  /vscode-languageserver-textdocument@1.0.12:
    resolution: {integrity: sha512-cxWNPesCnQCcMPeenjKKsOCKQZ/L6Tv19DTRIGuLWe32lyzWhihGVJ/rcckZXJxfdKCFvRLS3fpBIsV/ZGX4zA==}
    dev: false

  /vscode-languageserver-types@3.17.5:
    resolution: {integrity: sha512-Ld1VelNuX9pdF39h2Hgaeb5hEZM2Z3jUrrMgWQAu82jMtZp7p3vJT3BzToKtZI7NgQssZje5o0zryOrhQvzQAg==}
    dev: false

  /vscode-languageserver@9.0.1:
    resolution: {integrity: sha512-woByF3PDpkHFUreUa7Hos7+pUWdeWMXRd26+ZX2A8cFx6v/JPTtd4/uN0/jB6XQHYaOlHbio03NTHCqrgG5n7g==}
    hasBin: true
    dependencies:
      vscode-languageserver-protocol: 3.17.5
    dev: false
