lockfileVersion: '6.0'

settings:
  autoInstallPeers: true
  excludeLinksFromLockfile: false

importers:

  .:
    devDependencies:
      '@types/node':
        specifier: 25.5.2
        version: 25.5.2
      typescript:
        specifier: 6.0.2
        version: 6.0.2

  packages/aeos:
    devDependencies:
      '@altopelago/aeon-aes':
        specifier: workspace:*
        version: link:../aes
      '@altopelago/aeon-lexer':
        specifier: workspace:*
        version: link:../lexer

  packages/aes:
    dependencies:
      '@altopelago/aeon-lexer':
        specifier: workspace:*
        version: link:../lexer
      '@altopelago/aeon-parser':
        specifier: workspace:*
        version: link:../parser

  packages/annotation-stream:
    dependencies:
      '@altopelago/aeon-aes':
        specifier: workspace:*
        version: link:../aes
      '@altopelago/aeon-lexer':
        specifier: workspace:*
        version: link:../lexer

  packages/canonical:
    dependencies:
      '@altopelago/aeon-lexer':
        specifier: workspace:*
        version: link:../lexer
      '@altopelago/aeon-parser':
        specifier: workspace:*
        version: link:../parser

  packages/cli:
    dependencies:
      '@altopelago/aeon-aes':
        specifier: workspace:*
        version: link:../aes
      '@altopelago/aeon-canonical':
        specifier: workspace:*
        version: link:../canonical
      '@altopelago/aeon-core':
        specifier: workspace:*
        version: link:../core
      '@altopelago/aeon-finalize':
        specifier: workspace:*
        version: link:../finalize
      '@altopelago/aeon-integrity':
        specifier: workspace:*
        version: link:../integrity
      '@altopelago/aeon-lexer':
        specifier: workspace:*
        version: link:../lexer
      '@altopelago/aeon-parser':
        specifier: workspace:*
        version: link:../parser
      '@altopelago/aeon-profiles':
        specifier: workspace:*
        version: link:../profiles
      '@altopelago/aeon-tonic':
        specifier: workspace:*
        version: link:../tonic
      '@altopelago/aeos-core':
        specifier: workspace:*
        version: link:../aeos

  packages/core:
    dependencies:
      '@altopelago/aeon-aes':
        specifier: workspace:*
        version: link:../aes
      '@altopelago/aeon-annotation-stream':
        specifier: workspace:*
        version: link:../annotation-stream
      '@altopelago/aeon-lexer':
        specifier: workspace:*
        version: link:../lexer
      '@altopelago/aeon-parser':
        specifier: workspace:*
        version: link:../parser

  packages/finalize:
    dependencies:
      '@altopelago/aeon-aes':
        specifier: workspace:*
        version: link:../aes
    devDependencies:
      '@altopelago/aeon-lexer':
        specifier: workspace:*
        version: link:../lexer
      '@altopelago/aeon-parser':
        specifier: workspace:*
        version: link:../parser

  packages/integrity:
    dependencies:
      '@altopelago/aeon-aes':
        specifier: workspace:*
        version: link:../aes
    devDependencies:
      '@altopelago/aeon-lexer':
        specifier: workspace:*
        version: link:../lexer
      '@altopelago/aeon-parser':
        specifier: workspace:*
        version: link:../parser

  packages/lexer: {}

  packages/parser:
    dependencies:
      '@altopelago/aeon-lexer':
        specifier: workspace:*
        version: link:../lexer

  packages/profiles:
    dependencies:
      '@altopelago/aeon-aes':
        specifier: workspace:*
        version: link:../aes
      '@altopelago/aeon-core':
        specifier: workspace:*
        version: link:../core
      '@altopelago/aeon-lexer':
        specifier: workspace:*
        version: link:../lexer

  packages/runtime:
    dependencies:
      '@altopelago/aeon-aes':
        specifier: workspace:*
        version: link:../aes
      '@altopelago/aeon-core':
        specifier: workspace:*
        version: link:../core
      '@altopelago/aeon-finalize':
        specifier: workspace:*
        version: link:../finalize
      '@altopelago/aeon-profiles':
        specifier: workspace:*
        version: link:../profiles
      '@altopelago/aeon-tonic':
        specifier: workspace:*
        version: link:../tonic
      '@altopelago/aeos-core':
        specifier: workspace:*
        version: link:../aeos

  packages/sdk:
    dependencies:
      '@altopelago/aeon-canonical':
        specifier: workspace:*
        version: link:../canonical
      '@altopelago/aeon-core':
        specifier: workspace:*
        version: link:../core
      '@altopelago/aeon-finalize':
        specifier: workspace:*
        version: link:../finalize

  packages/sdk-internal:
    dependencies:
      '@altopelago/aeon-sdk':
        specifier: workspace:*
        version: link:../sdk

  packages/tonic:
    dependencies:
      '@altopelago/aeon-aes':
        specifier: workspace:*
        version: link:../aes
      '@altopelago/aeon-annotation-stream':
        specifier: workspace:*
        version: link:../annotation-stream

  packages/transport: {}

  packages/typegen:
    dependencies:
      '@altopelago/aeos-core':
        specifier: workspace:*
        version: link:../aeos

  packages/wasm: {}

  tools/aeon-lsp:
    dependencies:
      '@altopelago/aeon-core':
        specifier: workspace:*
        version: link:../../packages/core
      '@altopelago/aeon-finalize':
        specifier: workspace:*
        version: link:../../packages/finalize
      '@altopelago/aeon-lexer':
        specifier: workspace:*
        version: link:../../packages/lexer
      '@altopelago/aeon-parser':
        specifier: workspace:*
        version: link:../../packages/parser
      '@altopelago/aeon-profiles':
        specifier: workspace:*
        version: link:../../packages/profiles
      '@altopelago/aeos-core':
        specifier: workspace:*
        version: link:../../packages/aeos
      vscode-languageserver:
        specifier: ^9.0.1
        version: 9.0.1
      vscode-languageserver-textdocument:
        specifier: ^1.0.12
        version: 1.0.12
    devDependencies:
      '@types/node':
        specifier: ^25.5.2
        version: 25.5.2

  tools/annotation-cts-runner:
    devDependencies:
      '@types/node':
        specifier: ^25.5.2
        version: 25.5.2

  tools/cts-author:
    devDependencies:
      '@types/node':
        specifier: ^25.5.2
        version: 25.5.2

  tools/cts-runner:
    devDependencies:
      '@types/node':
        specifier: ^25.5.2
        version: 25.5.2

  tools/phase-fuzz:
    dependencies:
      '@altopelago/aeon-lexer':
        specifier: workspace:*
        version: link:../../packages/lexer
      '@altopelago/aeon-parser':
        specifier: workspace:*
        version: link:../../packages/parser
    devDependencies:
      '@types/node':
        specifier: ^25.5.2
        version: 25.5.2

packages:

  /@types/node@25.5.2:
    resolution: {integrity: sha512-tO4ZIRKNC+MDWV4qKVZe3Ql/woTnmHDr5JD8UI5hn2pwBrHEwOEMZK7WlNb5RKB6EoJ02gwmQS9OrjuFnZYdpg==}
    dependencies:
      undici-types: 7.18.2
    dev: true

  /typescript@6.0.2:
    resolution: {integrity: sha512-bGdAIrZ0wiGDo5l8c++HWtbaNCWTS4UTv7RaTH/ThVIgjkveJt83m74bBHMJkuCbslY8ixgLBVZJIOiQlQTjfQ==}
    engines: {node: '>=14.17'}
    hasBin: true
    dev: true

  /undici-types@7.18.2:
    resolution: {integrity: sha512-AsuCzffGHJybSaRrmr5eHr81mwJU3kjw6M+uprWvCXiNeN9SOGwQ3Jn8jb8m3Z6izVgknn1R0FTCEAP2QrLY/w==}
    dev: true

  /vscode-jsonrpc@8.2.0:
    resolution: {integrity: sha512-C+r0eKJUIfiDIfwJhria30+TYWPtuHJXHtI7J0YlOmKAo7ogxP20T0zxB7HZQIFhIyvoBPwWskjxrvAtfjyZfA==}
    engines: {node: '>=14.0.0'}
    dev: false

  /vscode-languageserver-protocol@3.17.5:
    resolution: {integrity: sha512-mb1bvRJN8SVznADSGWM9u/b07H7Ecg0I3OgXDuLdn307rl/J3A9YD6/eYOssqhecL27hK1IPZAsaqh00i/Jljg==}
    dependencies:
      vscode-jsonrpc: 8.2.0
      vscode-languageserver-types: 3.17.5
    dev: false

  /vscode-languageserver-textdocument@1.0.12:
    resolution: {integrity: sha512-cxWNPesCnQCcMPeenjKKsOCKQZ/L6Tv19DTRIGuLWe32lyzWhihGVJ/rcckZXJxfdKCFvRLS3fpBIsV/ZGX4zA==}
    dev: false

  /vscode-languageserver-types@3.17.5:
    resolution: {integrity: sha512-Ld1VelNuX9pdF39h2Hgaeb5hEZM2Z3jUrrMgWQAu82jMtZp7p3vJT3BzToKtZI7NgQssZje5o0zryOrhQvzQAg==}
    dev: false

  /vscode-languageserver@9.0.1:
    resolution: {integrity: sha512-woByF3PDpkHFUreUa7Hos7+pUWdeWMXRd26+ZX2A8cFx6v/JPTtd4/uN0/jB6XQHYaOlHbio03NTHCqrgG5n7g==}
    hasBin: true
    dependencies:
      vscode-languageserver-protocol: 3.17.5
    dev: false
