lockfileVersion: '9.0'

settings:
  autoInstallPeers: true
  excludeLinksFromLockfile: false

importers:

  .:
    devDependencies:
      '@types/node':
        specifier: 26.0.1
        version: 26.0.1
      typescript:
        specifier: 6.0.3
        version: 6.0.3

  packages/aeos:
    devDependencies:
      '@altopelago/aeon-aes':
        specifier: workspace:*
        version: link:../aes
      '@altopelago/aeon-lexer':
        specifier: workspace:*
        version: link:../lexer

  packages/aes:
    dependencies:
      '@altopelago/aeon-lexer':
        specifier: workspace:*
        version: link:../lexer
      '@altopelago/aeon-parser':
        specifier: workspace:*
        version: link:../parser

  packages/annotation-stream:
    dependencies:
      '@altopelago/aeon-aes':
        specifier: workspace:*
        version: link:../aes
      '@altopelago/aeon-lexer':
        specifier: workspace:*
        version: link:../lexer

  packages/canonical:
    dependencies:
      '@altopelago/aeon-lexer':
        specifier: workspace:*
        version: link:../lexer
      '@altopelago/aeon-parser':
        specifier: workspace:*
        version: link:../parser

  packages/cli:
    dependencies:
      '@altopelago/aeon-aes':
        specifier: workspace:*
        version: link:../aes
      '@altopelago/aeon-canonical':
        specifier: workspace:*
        version: link:../canonical
      '@altopelago/aeon-core':
        specifier: workspace:*
        version: link:../core
      '@altopelago/aeon-finalize':
        specifier: workspace:*
        version: link:../finalize
      '@altopelago/aeon-integrity':
        specifier: workspace:*
        version: link:../integrity
      '@altopelago/aeon-lexer':
        specifier: workspace:*
        version: link:../lexer
      '@altopelago/aeon-parser':
        specifier: workspace:*
        version: link:../parser
      '@altopelago/aeon-profiles':
        specifier: workspace:*
        version: link:../profiles
      '@altopelago/aeon-tonic':
        specifier: workspace:*
        version: link:../tonic
      '@altopelago/aeon-transport':
        specifier: workspace:*
        version: link:../transport
      '@altopelago/aeos-core':
        specifier: workspace:*
        version: link:../aeos

  packages/core:
    dependencies:
      '@altopelago/aeon-aes':
        specifier: workspace:*
        version: link:../aes
      '@altopelago/aeon-annotation-stream':
        specifier: workspace:*
        version: link:../annotation-stream
      '@altopelago/aeon-lexer':
        specifier: workspace:*
        version: link:../lexer
      '@altopelago/aeon-parser':
        specifier: workspace:*
        version: link:../parser

  packages/finalize:
    dependencies:
      '@altopelago/aeon-aes':
        specifier: workspace:*
        version: link:../aes
    devDependencies:
      '@altopelago/aeon-lexer':
        specifier: workspace:*
        version: link:../lexer
      '@altopelago/aeon-parser':
        specifier: workspace:*
        version: link:../parser

  packages/integrity:
    dependencies:
      '@altopelago/aeon-aes':
        specifier: workspace:*
        version: link:../aes
    devDependencies:
      '@altopelago/aeon-lexer':
        specifier: workspace:*
        version: link:../lexer
      '@altopelago/aeon-parser':
        specifier: workspace:*
        version: link:../parser

  packages/lexer: {}

  packages/parser:
    dependencies:
      '@altopelago/aeon-lexer':
        specifier: workspace:*
        version: link:../lexer

  packages/profiles:
    dependencies:
      '@altopelago/aeon-aes':
        specifier: workspace:*
        version: link:../aes
      '@altopelago/aeon-core':
        specifier: workspace:*
        version: link:../core
      '@altopelago/aeon-lexer':
        specifier: workspace:*
        version: link:../lexer

  packages/runtime:
    dependencies:
      '@altopelago/aeon-aes':
        specifier: workspace:*
        version: link:../aes
      '@altopelago/aeon-core':
        specifier: workspace:*
        version: link:../core
      '@altopelago/aeon-finalize':
        specifier: workspace:*
        version: link:../finalize
      '@altopelago/aeon-profiles':
        specifier: workspace:*
        version: link:../profiles
      '@altopelago/aeon-tonic':
        specifier: workspace:*
        version: link:../tonic
      '@altopelago/aeos-core':
        specifier: workspace:*
        version: link:../aeos

  packages/sdk:
    dependencies:
      '@altopelago/aeon-canonical':
        specifier: workspace:*
        version: link:../canonical
      '@altopelago/aeon-core':
        specifier: workspace:*
        version: link:../core
      '@altopelago/aeon-finalize':
        specifier: workspace:*
        version: link:../finalize

  packages/sdk-internal:
    dependencies:
      '@altopelago/aeon-sdk':
        specifier: workspace:*
        version: link:../sdk

  packages/tonic:
    dependencies:
      '@altopelago/aeon-aes':
        specifier: workspace:*
        version: link:../aes
      '@altopelago/aeon-annotation-stream':
        specifier: workspace:*
        version: link:../annotation-stream

  packages/transport: {}

  packages/typegen:
    dependencies:
      '@altopelago/aeos-core':
        specifier: workspace:*
        version: link:../aeos

  packages/wasm: {}

  tools/aeon-lsp:
    dependencies:
      '@altopelago/aeon-core':
        specifier: workspace:*
        version: link:../../packages/core
      '@altopelago/aeon-finalize':
        specifier: workspace:*
        version: link:../../packages/finalize
      '@altopelago/aeon-lexer':
        specifier: workspace:*
        version: link:../../packages/lexer
      '@altopelago/aeon-parser':
        specifier: workspace:*
        version: link:../../packages/parser
      '@altopelago/aeon-profiles':
        specifier: workspace:*
        version: link:../../packages/profiles
      '@altopelago/aeon-transport':
        specifier: workspace:*
        version: link:../../packages/transport
      '@altopelago/aeos-core':
        specifier: workspace:*
        version: link:../../packages/aeos
      vscode-languageserver:
        specifier: ^10.0.0
        version: 10.0.1
      vscode-languageserver-textdocument:
        specifier: ^1.0.12
        version: 1.0.12
    devDependencies:
      '@types/node':
        specifier: ^26.0.1
        version: 26.0.1

  tools/annotation-cts-runner:
    devDependencies:
      '@types/node':
        specifier: ^26.0.1
        version: 26.0.1

  tools/cts-author:
    devDependencies:
      '@types/node':
        specifier: ^26.0.1
        version: 26.0.1

  tools/cts-runner:
    devDependencies:
      '@types/node':
        specifier: ^26.0.1
        version: 26.0.1

  tools/phase-fuzz:
    dependencies:
      '@altopelago/aeon-lexer':
        specifier: workspace:*
        version: link:../../packages/lexer
      '@altopelago/aeon-parser':
        specifier: workspace:*
        version: link:../../packages/parser
    devDependencies:
      '@types/node':
        specifier: ^26.0.1
        version: 26.0.1

packages:

  '@types/node@26.0.1':
    resolution: {integrity: sha512-fc3KiUoBt6kie0N9bIW3E47vZsuaMf0PM2AaUpLCLT0s/LvX1nxAim6Fc049cNxODPpGm6qRAuUOB86SkRuPQw==}

  typescript@6.0.3:
    resolution: {integrity: sha512-y2TvuxSZPDyQakkFRPZHKFm+KKVqIisdg9/CZwm9ftvKXLP8NRWj38/ODjNbr43SsoXqNuAisEf1GdCxqWcdBw==}
    engines: {node: '>=14.17'}
    hasBin: true

  undici-types@8.3.0:
    resolution: {integrity: sha512-j375ScV60dom+YkPFIfTLcOiPxkN/buHz5GobjLhixFuANaNs3C9l4GmrWqejgXWJ7BbJcFYpTEUkS1Ge8bpZQ==}

  vscode-jsonrpc@9.0.0:
    resolution: {integrity: sha512-+VvMmQPJhtvJ+8O+zu2JKIRiLxXF8NW7krWgyMGeOHrp4Cn23T5hc0v2LknNeopDOB70wghHAds7mKtcZ0I4Sg==}
    engines: {node: '>=14.0.0'}

  vscode-languageserver-protocol@3.18.1:
    resolution: {integrity: sha512-RTiiVHdpxpYcJVI5sq6S5TLjQ4WDR/rBrIWru+kPXe6sGQ9PFQ3GamrTKLvPqbR4ylr1SoodhmcqbFII0WXVuw==}

  vscode-languageserver-textdocument@1.0.12:
    resolution: {integrity: sha512-cxWNPesCnQCcMPeenjKKsOCKQZ/L6Tv19DTRIGuLWe32lyzWhihGVJ/rcckZXJxfdKCFvRLS3fpBIsV/ZGX4zA==}

  vscode-languageserver-types@3.18.0:
    resolution: {integrity: sha512-8TsGPNMIMiiBdkORgRSvLjuiEIiAFtO+KssmYWxQ+uSVvlf7RjK8YKCOjPzZ+YA04jXEV7+7LvkSmHkhpNS99g==}

  vscode-languageserver@10.0.1:
    resolution: {integrity: sha512-hfERoZvpaHWzQa7t5mMIrHkEOhF7aTs1dpktem0TW/Xs4QZD7NtcHjIq/aE1CZJEj6Rb8LSGUkBhvTRDdpyGig==}
    hasBin: true

snapshots:

  '@types/node@26.0.1':
    dependencies:
      undici-types: 8.3.0

  typescript@6.0.3: {}

  undici-types@8.3.0: {}

  vscode-jsonrpc@9.0.0: {}

  vscode-languageserver-protocol@3.18.1:
    dependencies:
      vscode-jsonrpc: 9.0.0
      vscode-languageserver-types: 3.18.0

  vscode-languageserver-textdocument@1.0.12: {}

  vscode-languageserver-types@3.18.0: {}

  vscode-languageserver@10.0.1:
    dependencies:
      vscode-languageserver-protocol: 3.18.1
