{
  "name": "aeon-52-cards",
  "version": "0.1.0",
  "lockfileVersion": 3,
  "requires": true,
  "packages": {
    "": {
      "name": "aeon-52-cards",
      "version": "0.1.0",
      "dependencies": {
        "@altopelago/aeon-aes": "file:../../../implementations/typescript/packages/aes",
        "@altopelago/aeon-annotation-stream": "file:../../../implementations/typescript/packages/annotation-stream",
        "@altopelago/aeon-canonical": "file:../../../implementations/typescript/packages/canonical",
        "@altopelago/aeon-core": "file:../../../implementations/typescript/packages/core",
        "@altopelago/aeon-finalize": "file:../../../implementations/typescript/packages/finalize",
        "@altopelago/aeon-lexer": "file:../../../implementations/typescript/packages/lexer",
        "@altopelago/aeon-parser": "file:../../../implementations/typescript/packages/parser",
        "@altopelago/aeon-sdk-internal": "file:../../../implementations/typescript/packages/sdk-internal"
      }
    },
    "../../../implementations/typescript/packages/aes": {
      "name": "@altopelago/aeon-aes",
      "version": "0.0.1",
      "dependencies": {
        "@altopelago/aeon-lexer": "workspace:*",
        "@altopelago/aeon-parser": "workspace:*"
      }
    },
    "../../../implementations/typescript/packages/annotation-stream": {
      "name": "@altopelago/aeon-annotation-stream",
      "version": "0.0.1",
      "dependencies": {
        "@altopelago/aeon-aes": "workspace:*",
        "@altopelago/aeon-lexer": "workspace:*"
      }
    },
    "../../../implementations/typescript/packages/canonical": {
      "name": "@altopelago/aeon-canonical",
      "version": "0.0.1",
      "dependencies": {
        "@altopelago/aeon-lexer": "workspace:*",
        "@altopelago/aeon-parser": "workspace:*"
      }
    },
    "../../../implementations/typescript/packages/core": {
      "name": "@altopelago/aeon-core",
      "version": "0.0.1",
      "dependencies": {
        "@altopelago/aeon-aes": "workspace:*",
        "@altopelago/aeon-annotation-stream": "workspace:*",
        "@altopelago/aeon-lexer": "workspace:*",
        "@altopelago/aeon-parser": "workspace:*"
      }
    },
    "../../../implementations/typescript/packages/finalize": {
      "name": "@altopelago/aeon-finalize",
      "version": "0.0.1",
      "dependencies": {
        "@altopelago/aeon-aes": "workspace:*"
      },
      "devDependencies": {
        "@altopelago/aeon-lexer": "workspace:*",
        "@altopelago/aeon-parser": "workspace:*"
      }
    },
    "../../../implementations/typescript/packages/lexer": {
      "name": "@altopelago/aeon-lexer",
      "version": "0.0.1"
    },
    "../../../implementations/typescript/packages/parser": {
      "name": "@altopelago/aeon-parser",
      "version": "0.0.1",
      "dependencies": {
        "@altopelago/aeon-lexer": "workspace:*"
      }
    },
    "../../../implementations/typescript/packages/sdk-internal": {
      "name": "@altopelago/aeon-sdk-internal",
      "version": "0.0.1",
      "dependencies": {
        "@altopelago/aeon-canonical": "workspace:*",
        "@altopelago/aeon-core": "workspace:*",
        "@altopelago/aeon-finalize": "workspace:*"
      }
    },
    "node_modules/@altopelago/aeon-aes": {
      "resolved": "../../../implementations/typescript/packages/aes",
      "link": true
    },
    "node_modules/@altopelago/aeon-annotation-stream": {
      "resolved": "../../../implementations/typescript/packages/annotation-stream",
      "link": true
    },
    "node_modules/@altopelago/aeon-canonical": {
      "resolved": "../../../implementations/typescript/packages/canonical",
      "link": true
    },
    "node_modules/@altopelago/aeon-core": {
      "resolved": "../../../implementations/typescript/packages/core",
      "link": true
    },
    "node_modules/@altopelago/aeon-finalize": {
      "resolved": "../../../implementations/typescript/packages/finalize",
      "link": true
    },
    "node_modules/@altopelago/aeon-lexer": {
      "resolved": "../../../implementations/typescript/packages/lexer",
      "link": true
    },
    "node_modules/@altopelago/aeon-parser": {
      "resolved": "../../../implementations/typescript/packages/parser",
      "link": true
    },
    "node_modules/@altopelago/aeon-sdk-internal": {
      "resolved": "../../../implementations/typescript/packages/sdk-internal",
      "link": true
    }
  }
}
