{
  "name": "aeon-stress-cli",
  "version": "0.1.0",
  "lockfileVersion": 3,
  "requires": true,
  "packages": {
    "": {
      "name": "aeon-stress-cli",
      "version": "0.1.0",
      "dependencies": {
        "@aeon/aes": "file:../../../implementations/typescript/packages/aes",
        "@aeon/annotation-stream": "file:../../../implementations/typescript/packages/annotation-stream",
        "@aeon/canonical": "file:../../../implementations/typescript/packages/canonical",
        "@aeon/core": "file:../../../implementations/typescript/packages/core",
        "@aeon/finalize": "file:../../../implementations/typescript/packages/finalize",
        "@aeon/lexer": "file:../../../implementations/typescript/packages/lexer",
        "@aeon/parser": "file:../../../implementations/typescript/packages/parser",
        "@aeon/sdk-internal": "file:../../../implementations/typescript/packages/sdk-internal"
      }
    },
    "../../../implementations/typescript/packages/aes": {
      "name": "@aeon/aes",
      "version": "0.0.1",
      "dependencies": {
        "@aeon/lexer": "workspace:*",
        "@aeon/parser": "workspace:*"
      }
    },
    "../../../implementations/typescript/packages/annotation-stream": {
      "name": "@aeon/annotation-stream",
      "version": "0.0.1",
      "dependencies": {
        "@aeon/aes": "workspace:*",
        "@aeon/lexer": "workspace:*"
      }
    },
    "../../../implementations/typescript/packages/canonical": {
      "name": "@aeon/canonical",
      "version": "0.0.1",
      "dependencies": {
        "@aeon/lexer": "workspace:*",
        "@aeon/parser": "workspace:*"
      }
    },
    "../../../implementations/typescript/packages/core": {
      "name": "@aeon/core",
      "version": "0.0.1",
      "dependencies": {
        "@aeon/aes": "workspace:*",
        "@aeon/annotation-stream": "workspace:*",
        "@aeon/lexer": "workspace:*",
        "@aeon/parser": "workspace:*"
      }
    },
    "../../../implementations/typescript/packages/finalize": {
      "name": "@aeon/finalize",
      "version": "0.0.1",
      "dependencies": {
        "@aeon/aes": "workspace:*"
      },
      "devDependencies": {
        "@aeon/lexer": "workspace:*",
        "@aeon/parser": "workspace:*"
      }
    },
    "../../../implementations/typescript/packages/lexer": {
      "name": "@aeon/lexer",
      "version": "0.0.1"
    },
    "../../../implementations/typescript/packages/parser": {
      "name": "@aeon/parser",
      "version": "0.0.1",
      "dependencies": {
        "@aeon/lexer": "workspace:*"
      }
    },
    "../../../implementations/typescript/packages/sdk-internal": {
      "name": "@aeon/sdk-internal",
      "version": "0.0.1",
      "dependencies": {
        "@aeon/canonical": "workspace:*",
        "@aeon/core": "workspace:*",
        "@aeon/finalize": "workspace:*"
      }
    },
    "node_modules/@aeon/aes": {
      "resolved": "../../../implementations/typescript/packages/aes",
      "link": true
    },
    "node_modules/@aeon/annotation-stream": {
      "resolved": "../../../implementations/typescript/packages/annotation-stream",
      "link": true
    },
    "node_modules/@aeon/canonical": {
      "resolved": "../../../implementations/typescript/packages/canonical",
      "link": true
    },
    "node_modules/@aeon/core": {
      "resolved": "../../../implementations/typescript/packages/core",
      "link": true
    },
    "node_modules/@aeon/finalize": {
      "resolved": "../../../implementations/typescript/packages/finalize",
      "link": true
    },
    "node_modules/@aeon/lexer": {
      "resolved": "../../../implementations/typescript/packages/lexer",
      "link": true
    },
    "node_modules/@aeon/parser": {
      "resolved": "../../../implementations/typescript/packages/parser",
      "link": true
    },
    "node_modules/@aeon/sdk-internal": {
      "resolved": "../../../implementations/typescript/packages/sdk-internal",
      "link": true
    }
  }
}
